
Microsoft Visual Studio Solution File, Format Version 12.00
# Visual Studio Version 17
VisualStudioVersion = 17.13.35825.156 d17.13
MinimumVisualStudioVersion = 10.0.40219.1
Project("{FAE04EC0-301F-11D3-BF4B-00C04F79EFBC}") = "MomoReader", "MomoReader\MomoReader.csproj", "{ED5C069C-EFFF-4EBD-B330-9408754925E1}"
EndProject
Global
	GlobalSection(SolutionConfigurationPlatforms) = preSolution
		Debug|Any CPU = Debug|Any CPU
		Release|Any CPU = Release|Any CPU
	EndGlobalSection
	GlobalSection(ProjectConfigurationPlatforms) = postSolution
		{ED5C069C-EFFF-4EBD-B330-9408754925E1}.Debug|Any CPU.ActiveCfg = Debug|Any CPU
		{ED5C069C-EFFF-4EBD-B330-9408754925E1}.Debug|Any CPU.Build.0 = Debug|Any CPU
		{ED5C069C-EFFF-4EBD-B330-9408754925E1}.Release|Any CPU.ActiveCfg = Release|Any CPU
		{ED5C069C-EFFF-4EBD-B330-9408754925E1}.Release|Any CPU.Build.0 = Release|Any CPU
	EndGlobalSection
	GlobalSection(SolutionProperties) = preSolution
		HideSolutionNode = FALSE
	EndGlobalSection
	GlobalSection(ExtensibilityGlobals) = postSolution
		SolutionGuid = {D54626C8-65C5-4110-A043-C01927CAE506}
	EndGlobalSection
EndGlobal
